// !$*UTF8*$!
{
	archiveVersion = 1;
	classes = {
	};
	objectVersion = 52;
	objects = {

/* Begin PBXBuildFile section */
		F14233ED2544A4FF002C6782 /* AppDelegate.swift in Sources */ = {isa = PBXBuildFile; fileRef = F14233EC2544A4FF002C6782 /* AppDelegate.swift */; };
		F14233EF2544A4FF002C6782 /* SceneDelegate.swift in Sources */ = {isa = PBXBuildFile; fileRef = F14233EE2544A4FF002C6782 /* SceneDelegate.swift */; };
		F14233F12544A4FF002C6782 /* ViewController.swift in Sources */ = {isa = PBXBuildFile; fileRef = F14233F02544A4FF002C6782 /* ViewController.swift */; };
		F14233F42544A4FF002C6782 /* Main.storyboard in Resources */ = {isa = PBXBuildFile; fileRef = F14233F22544A4FF002C6782 /* Main.storyboard */; };
		F14233F62544A501002C6782 /* Assets.xcassets in Resources */ = {isa = PBXBuildFile; fileRef = F14233F52544A501002C6782 /* Assets.xcassets */; };
		F14233F92544A501002C6782 /* LaunchScreen.storyboard in Resources */ = {isa = PBXBuildFile; fileRef = F14233F72544A501002C6782 /* LaunchScreen.storyboard */; };
		F14234012544A51D002C6782 /* CNContactExtensions.swift in Sources */ = {isa = PBXBuildFile; fileRef = F14234002544A51D002C6782 /* CNContactExtensions.swift */; };
/* End PBXBuildFile section */

/* Begin PBXFileReference section */
		F14233E92544A4FF002C6782 /* ContactExtension.app */ = {isa = PBXFileReference; explicitFileType = wrapper.application; includeInIndex = 0; path = ContactExtension.app; sourceTree = BUILT_PRODUCTS_DIR; };
		F14233EC2544A4FF002C6782 /* AppDelegate.swift */ = {isa = PBXFileReference; lastKnownFileType = sourcecode.swift; path = AppDelegate.swift; sourceTree = "<group>"; };
		F14233EE2544A4FF002C6782 /* SceneDelegate.swift */ = {isa = PBXFileReference; lastKnownFileType = sourcecode.swift; path = SceneDelegate.swift; sourceTree = "<group>"; };
		F14233F02544A4FF002C6782 /* ViewController.swift */ = {isa = PBXFileReference; lastKnownFileType = sourcecode.swift; path = ViewController.swift; sourceTree = "<group>"; };
		F14233F32544A4FF002C6782 /* Base */ = {isa = PBXFileReference; lastKnownFileType = file.storyboard; name = Base; path = Base.lproj/Main.storyboard; sourceTree = "<group>"; };
		F14233F52544A501002C6782 /* Assets.xcassets */ = {isa = PBXFileReference; lastKnownFileType = folder.assetcatalog; path = Assets.xcassets; sourceTree = "<group>"; };
		F14233F82544A501002C6782 /* Base */ = {isa = PBXFileReference; lastKnownFileType = file.storyboard; name = Base; path = Base.lproj/LaunchScreen.storyboard; sourceTree = "<group>"; };
		F14233FA2544A501002C6782 /* Info.plist */ = {isa = PBXFileReference; lastKnownFileType = text.plist.xml; path = Info.plist; sourceTree = "<group>"; };
		F14234002544A51D002C6782 /* CNContactExtensions.swift */ = {isa = PBXFileReference; lastKnownFileType = sourcecode.swift; path = CNContactExtensions.swift; sourceTree = "<group>"; };
/* End PBXFileReference section */

/* Begin PBXFrameworksBuildPhase section */
		F14233E62544A4FF002C6782 /* Frameworks */ = {
			isa = PBXFrameworksBuildPhase;
			buildActionMask = 2147483647;
			files = (
			);
			runOnlyForDeploymentPostprocessing = 0;
		};
/* End PBXFrameworksBuildPhase section */

/* Begin PBXGroup section */
		F14233E02544A4FF002C6782 = {
			isa = PBXGroup;
			children = (
				F14233EB2544A4FF002C6782 /* ContactExtension */,
				F14233EA2544A4FF002C6782 /* Products */,
			);
			sourceTree = "<group>";
		};
		F14233EA2544A4FF002C6782 /* Products */ = {
			isa = PBXGroup;
			children = (
				F14233E92544A4FF002C6782 /* ContactExtension.app */,
			);
			name = Products;
			sourceTree = "<group>";
		};
		F14233EB2544A4FF002C6782 /* ContactExtension */ = {
			isa = PBXGroup;
			children = (
				F14233EC2544A4FF002C6782 /* AppDelegate.swift */,
				F14234002544A51D002C6782 /* CNContactExtensions.swift */,
				F14233EE2544A4FF002C6782 /* SceneDelegate.swift */,
				F14233F02544A4FF002C6782 /* ViewController.swift */,
				F14233F22544A4FF002C6782 /* Main.storyboard */,
				F14233F52544A501002C6782 /* Assets.xcassets */,
				F14233F72544A501002C6782 /* LaunchScreen.storyboard */,
				F14233FA2544A501002C6782 /* Info.plist */,
			);
			path = ContactExtension;
			sourceTree = "<group>";
		};
/* End PBXGroup section */

/* Begin PBXNativeTarget section */
		F14233E82544A4FF002C6782 /* ContactExtension */ = {
			isa = PBXNativeTarget;
			buildConfigurationList = F14233FD2544A501002C6782 /* Build configuration list for PBXNativeTarget "ContactExtension" */;
			buildPhases = (
				F14233E52544A4FF002C6782 /* Sources */,
				F14233E62544A4FF002C6782 /* Frameworks */,
				F14233E72544A4FF002C6782 /* Resources */,
			);
			buildRules = (
			);
			dependencies = (
			);
			name = ContactExtension;
			productName = ContactExtension;
			productReference = F14233E92544A4FF002C6782 /* ContactExtension.app */;
			productType = "com.apple.product-type.application";
		};
/* End PBXNativeTarget section */

/* Begin PBXProject section */
		F14233E12544A4FF002C6782 /* Project object */ = {
			isa = PBXProject;
			attributes = {
				CLASSPREFIX = PD;
				LastSwiftUpdateCheck = 1130;
				LastUpgradeCheck = 1130;
				ORGANIZATIONNAME = PokeDuck;
				TargetAttributes = {
					F14233E82544A4FF002C6782 = {
						CreatedOnToolsVersion = 11.3.1;
					};
				};
			};
			buildConfigurationList = F14233E42544A4FF002C6782 /* Build configuration list for PBXProject "ContactExtension" */;
			compatibilityVersion = "Xcode 11.0";
			developmentRegion = en;
			hasScannedForEncodings = 0;
			knownRegions = (
				en,
				Base,
			);
			mainGroup = F14233E02544A4FF002C6782;
			productRefGroup = F14233EA2544A4FF002C6782 /* Products */;
			projectDirPath = "";
			projectRoot = "";
			targets = (
				F14233E82544A4FF002C6782 /* ContactExtension */,
			);
		};
/* End PBXProject section */

/* Begin PBXResourcesBuildPhase section */
		F14233E72544A4FF002C6782 /* Resources */ = {
			isa = PBXResourcesBuildPhase;
			buildActionMask = 2147483647;
			files = (
				F14233F92544A501002C6782 /* LaunchScreen.storyboard in Resources */,
				F14233F62544A501002C6782 /* Assets.xcassets in Resources */,
				F14233F42544A4FF002C6782 /* Main.storyboard in Resources */,
			);
			runOnlyForDeploymentPostprocessing = 0;
		};
/* End PBXResourcesBuildPhase section */

/* Begin PBXSourcesBuildPhase section */
		F14233E52544A4FF002C6782 /* Sources */ = {
			isa = PBXSourcesBuildPhase;
			buildActionMask = 2147483647;
			files = (
				F14233F12544A4FF002C6782 /* ViewController.swift in Sources */,
				F14234012544A51D002C6782 /* CNContactExtensions.swift in Sources */,
				F14233ED2544A4FF002C6782 /* AppDelegate.swift in Sources */,
				F14233EF2544A4FF002C6782 /* SceneDelegate.swift in Sources */,
			);
			runOnlyForDeploymentPostprocessing = 0;
		};
/* End PBXSourcesBuildPhase section */

/* Begin PBXVariantGroup section */
		F14233F22544A4FF002C6782 /* Main.storyboard */ = {
			isa = PBXVariantGroup;
			children = (
				F14233F32544A4FF002C6782 /* Base */,
			);
			name = Main.storyboard;
			sourceTree = "<group>";
		};
		F14233F72544A501002C6782 /* LaunchScreen.storyboard */ = {
			isa = PBXVariantGroup;
			children = (
				F14233F82544A501002C6782 /* Base */,
			);
			name = LaunchScreen.storyboard;
			sourceTree = "<group>";
		};
/* End PBXVariantGroup section */

/* Begin XCBuildConfiguration section */
		F14233FB2544A501002C6782 /* Debug */ = {
			isa = XCBuildConfiguration;
			buildSettings = {
				ALWAYS_SEARCH_USER_PATHS = NO;
				CLANG_ANALYZER_NONNULL = YES;
				CLANG_ANALYZER_NUMBER_OBJECT_CONVERSION = YES_AGGRESSIVE;
				CLANG_CXX_LANGUAGE_STANDARD = "gnu++14";
				CLANG_CXX_LIBRARY = "libc++";
				CLANG_ENABLE_MODULES = YES;
				CLANG_ENABLE_OBJC_ARC = YES;
				CLANG_ENABLE_OBJC_WEAK = YES;
				CLANG_WARN_BLOCK_CAPTURE_AUTORELEASING = YES;
				CLANG_WARN_BOOL_CONVERSION = YES;
				CLANG_WARN_COMMA = YES;
				CLANG_WARN_CONSTANT_CONVERSION = YES;
				CLANG_WARN_DEPRECATED_OBJC_IMPLEMENTATIONS = YES;
				CLANG_WARN_DIRECT_OBJC_ISA_USAGE = YES_ERROR;
				CLANG_WARN_DOCUMENTATION_COMMENTS = YES;
				CLANG_WARN_EMPTY_BODY = YES;
				CLANG_WARN_ENUM_CONVERSION = YES;
				CLANG_WARN_INFINITE_RECURSION = YES;
				CLANG_WARN_INT_CONVERSION = YES;
				CLANG_WARN_NON_LITERAL_NULL_CONVERSION = YES;
				CLANG_WARN_OBJC_IMPLICIT_RETAIN_SELF = YES;
				CLANG_WARN_OBJC_LITERAL_CONVERSION = YES;
				CLANG_WARN_OBJC_ROOT_CLASS = YES_ERROR;
				CLANG_WARN_RANGE_LOOP_ANALYSIS = YES;
				CLANG_WARN_STRICT_PROTOTYPES = YES;
				CLANG_WARN_SUSPICIOUS_MOVE = YES;
				CLANG_WARN_UNGUARDED_AVAILABILITY = YES_AGGRESSIVE;
				CLANG_WARN_UNREACHABLE_CODE = YES;
				CLANG_WARN__DUPLICATE_METHOD_MATCH = YES;
				COPY_PHASE_STRIP = NO;
				DEBUG_INFORMATION_FORMAT = dwarf;
				ENABLE_STRICT_OBJC_MSGSEND = YES;
				ENABLE_TESTABILITY = YES;
				GCC_C_LANGUAGE_STANDARD = gnu11;
				GCC_DYNAMIC_NO_PIC = NO;
				GCC_NO_COMMON_BLOCKS = YES;
				GCC_OPTIMIZATION_LEVEL = 0;
				GCC_PREPROCESSOR_DEFINITIONS = (
					"DEBUG=1",
					"$(inherited)",
				);
				GCC_WARN_64_TO_32_BIT_CONVERSION = YES;
				GCC_WARN_ABOUT_RETURN_TYPE = YES_ERROR;
				GCC_WARN_UNDECLARED_SELECTOR = YES;
				GCC_WARN_UNINITIALIZED_AUTOS = YES_AGGRESSIVE;
				GCC_WARN_UNUSED_FUNCTION = YES;
				GCC_WARN_UNUSED_VARIABLE = YES;
				IPHONEOS_DEPLOYMENT_TARGET = 13.2;
				MTL_ENABLE_DEBUG_INFO = INCLUDE_SOURCE;
				MTL_FAST_MATH = YES;
				ONLY_ACTIVE_ARCH = YES;
				SDKROOT = iphoneos;
				SWIFT_ACTIVE_COMPILATION_CONDITIONS = DEBUG;
				SWIFT_OPTIMIZATION_LEVEL = "-Onone";
			};
			name = Debug;
		};
		F14233FC2544A501002C6782 /* Release */ = {
			isa = XCBuildConfiguration;
			buildSettings = {
				ALWAYS_SEARCH_USER_PATHS = NO;
				CLANG_ANALYZER_NONNULL = YES;
				CLANG_ANALYZER_NUMBER_OBJECT_CONVERSION = YES_AGGRESSIVE;
				CLANG_CXX_LANGUAGE_STANDARD = "gnu++14";
				CLANG_CXX_LIBRARY = "libc++";
				CLANG_ENABLE_MODULES = YES;
				CLANG_ENABLE_OBJC_ARC = YES;
				CLANG_ENABLE_OBJC_WEAK = YES;
				CLANG_WARN_BLOCK_CAPTURE_AUTORELEASING = YES;
				CLANG_WARN_BOOL_CONVERSION = YES;
				CLANG_WARN_COMMA = YES;
				CLANG_WARN_CONSTANT_CONVERSION = YES;
				CLANG_WARN_DEPRECATED_OBJC_IMPLEMENTATIONS = YES;
				CLANG_WARN_DIRECT_OBJC_ISA_USAGE = YES_ERROR;
				CLANG_WARN_DOCUMENTATION_COMMENTS = YES;
				CLANG_WARN_EMPTY_BODY = YES;
				CLANG_WARN_ENUM_CONVERSION = YES;
				CLANG_WARN_INFINITE_RECURSION = YES;
				CLANG_WARN_INT_CONVERSION = YES;
				CLANG_WARN_NON_LITERAL_NULL_CONVERSION = YES;
				CLANG_WARN_OBJC_IMPLICIT_RETAIN_SELF = YES;
				CLANG_WARN_OBJC_LITERAL_CONVERSION = YES;
				CLANG_WARN_OBJC_ROOT_CLASS = YES_ERROR;
				CLANG_WARN_RANGE_LOOP_ANALYSIS = YES;
				CLANG_WARN_STRICT_PROTOTYPES = YES;
				CLANG_WARN_SUSPICIOUS_MOVE = YES;
				CLANG_WARN_UNGUARDED_AVAILABILITY = YES_AGGRESSIVE;
				CLANG_WARN_UNREACHABLE_CODE = YES;
				CLANG_WARN__DUPLICATE_METHOD_MATCH = YES;
				COPY_PHASE_STRIP = NO;
				DEBUG_INFORMATION_FORMAT = "dwarf-with-dsym";
				ENABLE_NS_ASSERTIONS = NO;
				ENABLE_STRICT_OBJC_MSGSEND = YES;
				GCC_C_LANGUAGE_STANDARD = gnu11;
				GCC_NO_COMMON_BLOCKS = YES;
				GCC_WARN_64_TO_32_BIT_CONVERSION = YES;
				GCC_WARN_ABOUT_RETURN_TYPE = YES_ERROR;
				GCC_WARN_UNDECLARED_SELECTOR = YES;
				GCC_WARN_UNINITIALIZED_AUTOS = YES_AGGRESSIVE;
				GCC_WARN_UNUSED_FUNCTION = YES;
				GCC_WARN_UNUSED_VARIABLE = YES;
				IPHONEOS_DEPLOYMENT_TARGET = 13.2;
				MTL_ENABLE_DEBUG_INFO = NO;
				MTL_FAST_MATH = YES;
				SDKROOT = iphoneos;
				SWIFT_COMPILATION_MODE = wholemodule;
				SWIFT_OPTIMIZATION_LEVEL = "-O";
				VALIDATE_PRODUCT = YES;
			};
			name = Release;
		};
		F14233FE2544A501002C6782 /* Debug */ = {
			isa = XCBuildConfiguration;
			buildSettings = {
				ASSETCATALOG_COMPILER_APPICON_NAME = AppIcon;
				CODE_SIGN_STYLE = Manual;
				DEVELOPMENT_TEAM = "";
				INFOPLIST_FILE = ContactExtension/Info.plist;
				IPHONEOS_DEPLOYMENT_TARGET = 9.0;
				LD_RUNPATH_SEARCH_PATHS = (
					"$(inherited)",
					"@executable_path/Frameworks",
				);
				PRODUCT_BUNDLE_IDENTIFIER = pokeduck.ContactExtension;
				PRODUCT_NAME = "$(TARGET_NAME)";
				PROVISIONING_PROFILE_SPECIFIER = "";
				SWIFT_VERSION = 5.0;
				TARGETED_DEVICE_FAMILY = "1,2";
			};
			name = Debug;
		};
		F14233FF2544A501002C6782 /* Release */ = {
			isa = XCBuildConfiguration;
			buildSettings = {
				ASSETCATALOG_COMPILER_APPICON_NAME = AppIcon;
				CODE_SIGN_STYLE = Manual;
				DEVELOPMENT_TEAM = "";
				INFOPLIST_FILE = ContactExtension/Info.plist;
				IPHONEOS_DEPLOYMENT_TARGET = 9.0;
				LD_RUNPATH_SEARCH_PATHS = (
					"$(inherited)",
					"@executable_path/Frameworks",
				);
				PRODUCT_BUNDLE_IDENTIFIER = pokeduck.ContactExtension;
				PRODUCT_NAME = "$(TARGET_NAME)";
				PROVISIONING_PROFILE_SPECIFIER = "";
				SWIFT_VERSION = 5.0;
				TARGETED_DEVICE_FAMILY = "1,2";
			};
			name = Release;
		};
/* End XCBuildConfiguration section */

/* Begin XCConfigurationList section */
		F14233E42544A4FF002C6782 /* Build configuration list for PBXProject "ContactExtension" */ = {
			isa = XCConfigurationList;
			buildConfigurations = (
				F14233FB2544A501002C6782 /* Debug */,
				F14233FC2544A501002C6782 /* Release */,
			);
			defaultConfigurationIsVisible = 0;
			defaultConfigurationName = Release;
		};
		F14233FD2544A501002C6782 /* Build configuration list for PBXNativeTarget "ContactExtension" */ = {
			isa = XCConfigurationList;
			buildConfigurations = (
				F14233FE2544A501002C6782 /* Debug */,
				F14233FF2544A501002C6782 /* Release */,
			);
			defaultConfigurationIsVisible = 0;
			defaultConfigurationName = Release;
		};
/* End XCConfigurationList section */
	};
	rootObject = F14233E12544A4FF002C6782 /* Project object */;
}
